// !$*UTF8*$!
{
	archiveVersion = 1;
	classes = {
	};
	objectVersion = 56;
	objects = {

/* Begin PBXBuildFile section */
		FA07AC2629F91120008F6484 /* CoinMarketData.swift in Sources */ = {isa = PBXBuildFile; fileRef = FA07AC2529F91120008F6484 /* CoinMarketData.swift */; };
		FA07AC2729F91120008F6484 /* CoinMarketData.swift in Sources */ = {isa = PBXBuildFile; fileRef = FA07AC2529F91120008F6484 /* CoinMarketData.swift */; };
		FAB361F729F447DB00A88050 /* WenMoonApp.swift in Sources */ = {isa = PBXBuildFile; fileRef = FAB361F629F447DB00A88050 /* WenMoonApp.swift */; };
		FAB361F929F447DB00A88050 /* PersistenceManager.swift in Sources */ = {isa = PBXBuildFile; fileRef = FAB361F829F447DB00A88050 /* PersistenceManager.swift */; };
		FAB361FC29F447DB00A88050 /* WenMoon.xcdatamodeld in Sources */ = {isa = PBXBuildFile; fileRef = FAB361FA29F447DB00A88050 /* WenMoon.xcdatamodeld */; };
		FAB361FE29F447DB00A88050 /* PriceAlertListView.swift in Sources */ = {isa = PBXBuildFile; fileRef = FAB361FD29F447DB00A88050 /* PriceAlertListView.swift */; };
		FAB3620029F447DC00A88050 /* Assets.xcassets in Resources */ = {isa = PBXBuildFile; fileRef = FAB361FF29F447DC00A88050 /* Assets.xcassets */; };
		FAB3623629F4513B00A88050 /* HTTPRequest.swift in Sources */ = {isa = PBXBuildFile; fileRef = FAB3623529F4513B00A88050 /* HTTPRequest.swift */; };
		FAB3623829F4514B00A88050 /* APIError.swift in Sources */ = {isa = PBXBuildFile; fileRef = FAB3623729F4514B00A88050 /* APIError.swift */; };
		FAB3623A29F4515C00A88050 /* HTTPClient.swift in Sources */ = {isa = PBXBuildFile; fileRef = FAB3623929F4515C00A88050 /* HTTPClient.swift */; };
		FAB3623C29F4517800A88050 /* BaseBackendService.swift in Sources */ = {isa = PBXBuildFile; fileRef = FAB3623B29F4517800A88050 /* BaseBackendService.swift */; };
		FAB3623D29F451D700A88050 /* BaseBackendService.swift in Sources */ = {isa = PBXBuildFile; fileRef = FAB3623B29F4517800A88050 /* BaseBackendService.swift */; };
		FAB3623E29F451DB00A88050 /* HTTPClient.swift in Sources */ = {isa = PBXBuildFile; fileRef = FAB3623929F4515C00A88050 /* HTTPClient.swift */; };
		FAB3623F29F451E200A88050 /* HTTPRequest.swift in Sources */ = {isa = PBXBuildFile; fileRef = FAB3623529F4513B00A88050 /* HTTPRequest.swift */; };
		FAB3624029F451E400A88050 /* APIError.swift in Sources */ = {isa = PBXBuildFile; fileRef = FAB3623729F4514B00A88050 /* APIError.swift */; };
		FAB3624429F453C700A88050 /* Coin.swift in Sources */ = {isa = PBXBuildFile; fileRef = FAB3624329F453C700A88050 /* Coin.swift */; };
		FAB3624529F453C700A88050 /* Coin.swift in Sources */ = {isa = PBXBuildFile; fileRef = FAB3624329F453C700A88050 /* Coin.swift */; };
		FAB3624729F453DD00A88050 /* CoinSearchResult.swift in Sources */ = {isa = PBXBuildFile; fileRef = FAB3624629F453DD00A88050 /* CoinSearchResult.swift */; };
		FAB3624829F453DD00A88050 /* CoinSearchResult.swift in Sources */ = {isa = PBXBuildFile; fileRef = FAB3624629F453DD00A88050 /* CoinSearchResult.swift */; };
		FAB3624A29F453FC00A88050 /* CoinScannerService.swift in Sources */ = {isa = PBXBuildFile; fileRef = FAB3624929F453FC00A88050 /* CoinScannerService.swift */; };
		FAB3624B29F453FC00A88050 /* CoinScannerService.swift in Sources */ = {isa = PBXBuildFile; fileRef = FAB3624929F453FC00A88050 /* CoinScannerService.swift */; };
		FAB3625029F4547100A88050 /* HTTPClientMock.swift in Sources */ = {isa = PBXBuildFile; fileRef = FAB3624F29F4547100A88050 /* HTTPClientMock.swift */; };
		FAB3625329F4549800A88050 /* CoinScannerServiceTests.swift in Sources */ = {isa = PBXBuildFile; fileRef = FAB3625229F4549800A88050 /* CoinScannerServiceTests.swift */; };
		FAB3625729F457DC00A88050 /* AddPriceAlertView.swift in Sources */ = {isa = PBXBuildFile; fileRef = FAB3625629F457DC00A88050 /* AddPriceAlertView.swift */; };
		FAB3625A29F4580C00A88050 /* AddPriceAlertViewModel.swift in Sources */ = {isa = PBXBuildFile; fileRef = FAB3625929F4580C00A88050 /* AddPriceAlertViewModel.swift */; };
		FAB3625B29F4580C00A88050 /* AddPriceAlertViewModel.swift in Sources */ = {isa = PBXBuildFile; fileRef = FAB3625929F4580C00A88050 /* AddPriceAlertViewModel.swift */; };
		FAB3625F29F4595D00A88050 /* CoinScannerServiceMock.swift in Sources */ = {isa = PBXBuildFile; fileRef = FAB3625E29F4595D00A88050 /* CoinScannerServiceMock.swift */; };
		FAB3626229F4598F00A88050 /* AddPriceAlertViewModelTests.swift in Sources */ = {isa = PBXBuildFile; fileRef = FAB3626129F4598F00A88050 /* AddPriceAlertViewModelTests.swift */; };
		FAB3626529F464BE00A88050 /* PersistenceError.swift in Sources */ = {isa = PBXBuildFile; fileRef = FAB3626429F464BE00A88050 /* PersistenceError.swift */; };
		FAB3626629F464BE00A88050 /* PersistenceError.swift in Sources */ = {isa = PBXBuildFile; fileRef = FAB3626429F464BE00A88050 /* PersistenceError.swift */; };
		FAB3626729F464C200A88050 /* PersistenceManager.swift in Sources */ = {isa = PBXBuildFile; fileRef = FAB361F829F447DB00A88050 /* PersistenceManager.swift */; };
		FAB3626A29F4651F00A88050 /* PriceAlertListViewModel.swift in Sources */ = {isa = PBXBuildFile; fileRef = FAB3626929F4651F00A88050 /* PriceAlertListViewModel.swift */; };
		FAB3626B29F4651F00A88050 /* PriceAlertListViewModel.swift in Sources */ = {isa = PBXBuildFile; fileRef = FAB3626929F4651F00A88050 /* PriceAlertListViewModel.swift */; };
		FAB3626C29F4656D00A88050 /* WenMoon.xcdatamodeld in Sources */ = {isa = PBXBuildFile; fileRef = FAB361FA29F447DB00A88050 /* WenMoon.xcdatamodeld */; };
		FAB3626F29F4658C00A88050 /* PriceAlert+CoreDataClass.swift in Sources */ = {isa = PBXBuildFile; fileRef = FAB3626D29F4658C00A88050 /* PriceAlert+CoreDataClass.swift */; };
		FAB3627029F4658C00A88050 /* PriceAlert+CoreDataClass.swift in Sources */ = {isa = PBXBuildFile; fileRef = FAB3626D29F4658C00A88050 /* PriceAlert+CoreDataClass.swift */; };
		FAB3627129F4658C00A88050 /* PriceAlert+CoreDataProperties.swift in Sources */ = {isa = PBXBuildFile; fileRef = FAB3626E29F4658C00A88050 /* PriceAlert+CoreDataProperties.swift */; };
		FAB3627229F4658C00A88050 /* PriceAlert+CoreDataProperties.swift in Sources */ = {isa = PBXBuildFile; fileRef = FAB3626E29F4658C00A88050 /* PriceAlert+CoreDataProperties.swift */; };
		FAB3627529F469E700A88050 /* PriceAlertListViewModelTests.swift in Sources */ = {isa = PBXBuildFile; fileRef = FAB3627429F469E700A88050 /* PriceAlertListViewModelTests.swift */; };
/* End PBXBuildFile section */

/* Begin PBXContainerItemProxy section */
		FAB3620A29F447DC00A88050 /* PBXContainerItemProxy */ = {
			isa = PBXContainerItemProxy;
			containerPortal = FAB361EB29F447DB00A88050 /* Project object */;
			proxyType = 1;
			remoteGlobalIDString = FAB361F229F447DB00A88050;
			remoteInfo = WenMoon;
		};
/* End PBXContainerItemProxy section */

/* Begin PBXFileReference section */
		FA07AC2529F91120008F6484 /* CoinMarketData.swift */ = {isa = PBXFileReference; lastKnownFileType = sourcecode.swift; path = CoinMarketData.swift; sourceTree = "<group>"; };
		FAB361F329F447DB00A88050 /* WenMoon.app */ = {isa = PBXFileReference; explicitFileType = wrapper.application; includeInIndex = 0; path = WenMoon.app; sourceTree = BUILT_PRODUCTS_DIR; };
		FAB361F629F447DB00A88050 /* WenMoonApp.swift */ = {isa = PBXFileReference; lastKnownFileType = sourcecode.swift; path = WenMoonApp.swift; sourceTree = "<group>"; };
		FAB361F829F447DB00A88050 /* PersistenceManager.swift */ = {isa = PBXFileReference; lastKnownFileType = sourcecode.swift; path = PersistenceManager.swift; sourceTree = "<group>"; };
		FAB361FB29F447DB00A88050 /* WenMoon.xcdatamodel */ = {isa = PBXFileReference; lastKnownFileType = wrapper.xcdatamodel; path = WenMoon.xcdatamodel; sourceTree = "<group>"; };
		FAB361FD29F447DB00A88050 /* PriceAlertListView.swift */ = {isa = PBXFileReference; lastKnownFileType = sourcecode.swift; path = PriceAlertListView.swift; sourceTree = "<group>"; };
		FAB361FF29F447DC00A88050 /* Assets.xcassets */ = {isa = PBXFileReference; lastKnownFileType = folder.assetcatalog; path = Assets.xcassets; sourceTree = "<group>"; };
		FAB3620129F447DC00A88050 /* WenMoon.entitlements */ = {isa = PBXFileReference; lastKnownFileType = text.plist.entitlements; path = WenMoon.entitlements; sourceTree = "<group>"; };
		FAB3620929F447DC00A88050 /* WenMoonTests.xctest */ = {isa = PBXFileReference; explicitFileType = wrapper.cfbundle; includeInIndex = 0; path = WenMoonTests.xctest; sourceTree = BUILT_PRODUCTS_DIR; };
		FAB3623529F4513B00A88050 /* HTTPRequest.swift */ = {isa = PBXFileReference; lastKnownFileType = sourcecode.swift; path = HTTPRequest.swift; sourceTree = "<group>"; };
		FAB3623729F4514B00A88050 /* APIError.swift */ = {isa = PBXFileReference; lastKnownFileType = sourcecode.swift; path = APIError.swift; sourceTree = "<group>"; };
		FAB3623929F4515C00A88050 /* HTTPClient.swift */ = {isa = PBXFileReference; lastKnownFileType = sourcecode.swift; path = HTTPClient.swift; sourceTree = "<group>"; };
		FAB3623B29F4517800A88050 /* BaseBackendService.swift */ = {isa = PBXFileReference; lastKnownFileType = sourcecode.swift; path = BaseBackendService.swift; sourceTree = "<group>"; };
		FAB3624329F453C700A88050 /* Coin.swift */ = {isa = PBXFileReference; lastKnownFileType = sourcecode.swift; path = Coin.swift; sourceTree = "<group>"; };
		FAB3624629F453DD00A88050 /* CoinSearchResult.swift */ = {isa = PBXFileReference; lastKnownFileType = sourcecode.swift; path = CoinSearchResult.swift; sourceTree = "<group>"; };
		FAB3624929F453FC00A88050 /* CoinScannerService.swift */ = {isa = PBXFileReference; lastKnownFileType = sourcecode.swift; path = CoinScannerService.swift; sourceTree = "<group>"; };
		FAB3624F29F4547100A88050 /* HTTPClientMock.swift */ = {isa = PBXFileReference; lastKnownFileType = sourcecode.swift; path = HTTPClientMock.swift; sourceTree = "<group>"; };
		FAB3625229F4549800A88050 /* CoinScannerServiceTests.swift */ = {isa = PBXFileReference; lastKnownFileType = sourcecode.swift; path = CoinScannerServiceTests.swift; sourceTree = "<group>"; };
		FAB3625629F457DC00A88050 /* AddPriceAlertView.swift */ = {isa = PBXFileReference; lastKnownFileType = sourcecode.swift; path = AddPriceAlertView.swift; sourceTree = "<group>"; };
		FAB3625929F4580C00A88050 /* AddPriceAlertViewModel.swift */ = {isa = PBXFileReference; lastKnownFileType = sourcecode.swift; path = AddPriceAlertViewModel.swift; sourceTree = "<group>"; };
		FAB3625E29F4595D00A88050 /* CoinScannerServiceMock.swift */ = {isa = PBXFileReference; lastKnownFileType = sourcecode.swift; path = CoinScannerServiceMock.swift; sourceTree = "<group>"; };
		FAB3626129F4598F00A88050 /* AddPriceAlertViewModelTests.swift */ = {isa = PBXFileReference; lastKnownFileType = sourcecode.swift; path = AddPriceAlertViewModelTests.swift; sourceTree = "<group>"; };
		FAB3626429F464BE00A88050 /* PersistenceError.swift */ = {isa = PBXFileReference; lastKnownFileType = sourcecode.swift; path = PersistenceError.swift; sourceTree = "<group>"; };
		FAB3626929F4651F00A88050 /* PriceAlertListViewModel.swift */ = {isa = PBXFileReference; lastKnownFileType = sourcecode.swift; path = PriceAlertListViewModel.swift; sourceTree = "<group>"; };
		FAB3626D29F4658C00A88050 /* PriceAlert+CoreDataClass.swift */ = {isa = PBXFileReference; lastKnownFileType = sourcecode.swift; path = "PriceAlert+CoreDataClass.swift"; sourceTree = "<group>"; };
		FAB3626E29F4658C00A88050 /* PriceAlert+CoreDataProperties.swift */ = {isa = PBXFileReference; lastKnownFileType = sourcecode.swift; path = "PriceAlert+CoreDataProperties.swift"; sourceTree = "<group>"; };
		FAB3627429F469E700A88050 /* PriceAlertListViewModelTests.swift */ = {isa = PBXFileReference; lastKnownFileType = sourcecode.swift; path = PriceAlertListViewModelTests.swift; sourceTree = "<group>"; };
/* End PBXFileReference section */

/* Begin PBXFrameworksBuildPhase section */
		FAB361F029F447DB00A88050 /* Frameworks */ = {
			isa = PBXFrameworksBuildPhase;
			buildActionMask = 2147483647;
			files = (
			);
			runOnlyForDeploymentPostprocessing = 0;
		};
		FAB3620629F447DC00A88050 /* Frameworks */ = {
			isa = PBXFrameworksBuildPhase;
			buildActionMask = 2147483647;
			files = (
			);
			runOnlyForDeploymentPostprocessing = 0;
		};
/* End PBXFrameworksBuildPhase section */

/* Begin PBXGroup section */
		FAB361EA29F447DB00A88050 = {
			isa = PBXGroup;
			children = (
				FAB361F529F447DB00A88050 /* WenMoon */,
				FAB3620C29F447DC00A88050 /* WenMoonTests */,
				FAB361F429F447DB00A88050 /* Products */,
			);
			sourceTree = "<group>";
		};
		FAB361F429F447DB00A88050 /* Products */ = {
			isa = PBXGroup;
			children = (
				FAB361F329F447DB00A88050 /* WenMoon.app */,
				FAB3620929F447DC00A88050 /* WenMoonTests.xctest */,
			);
			name = Products;
			sourceTree = "<group>";
		};
		FAB361F529F447DB00A88050 /* WenMoon */ = {
			isa = PBXGroup;
			children = (
				FAB3622629F447F400A88050 /* Application */,
				FAB3622829F4482B00A88050 /* DataLayer */,
				FAB3622B29F4485500A88050 /* PresentationLayer */,
				FAB3622729F4480F00A88050 /* Resources */,
			);
			path = WenMoon;
			sourceTree = "<group>";
		};
		FAB3620C29F447DC00A88050 /* WenMoonTests */ = {
			isa = PBXGroup;
			children = (
				FAB3624C29F4544100A88050 /* DataLayer */,
				FAB3625C29F4592F00A88050 /* PresentationLayer */,
			);
			path = WenMoonTests;
			sourceTree = "<group>";
		};
		FAB3622629F447F400A88050 /* Application */ = {
			isa = PBXGroup;
			children = (
				FAB361F629F447DB00A88050 /* WenMoonApp.swift */,
				FAB3620129F447DC00A88050 /* WenMoon.entitlements */,
			);
			path = Application;
			sourceTree = "<group>";
		};
		FAB3622729F4480F00A88050 /* Resources */ = {
			isa = PBXGroup;
			children = (
				FAB361FF29F447DC00A88050 /* Assets.xcassets */,
			);
			path = Resources;
			sourceTree = "<group>";
		};
		FAB3622829F4482B00A88050 /* DataLayer */ = {
			isa = PBXGroup;
			children = (
				FAB3622929F4484300A88050 /* CoreData */,
				FAB3623229F4510D00A88050 /* Base */,
				FAB3624129F453A400A88050 /* Services */,
			);
			path = DataLayer;
			sourceTree = "<group>";
		};
		FAB3622929F4484300A88050 /* CoreData */ = {
			isa = PBXGroup;
			children = (
				FAB3626329F464AC00A88050 /* Persistence */,
				FAB3627329F4659500A88050 /* Models */,
				FAB361FA29F447DB00A88050 /* WenMoon.xcdatamodeld */,
			);
			path = CoreData;
			sourceTree = "<group>";
		};
		FAB3622B29F4485500A88050 /* PresentationLayer */ = {
			isa = PBXGroup;
			children = (
				FAB3622C29F4487200A88050 /* Modules */,
			);
			path = PresentationLayer;
			sourceTree = "<group>";
		};
		FAB3622C29F4487200A88050 /* Modules */ = {
			isa = PBXGroup;
			children = (
				FAB3622E29F44B0300A88050 /* PriceAlertList */,
				FAB3625429F457C100A88050 /* AddPriceAlert */,
			);
			path = Modules;
			sourceTree = "<group>";
		};
		FAB3622D29F4488300A88050 /* Views */ = {
			isa = PBXGroup;
			children = (
				FAB361FD29F447DB00A88050 /* PriceAlertListView.swift */,
			);
			path = Views;
			sourceTree = "<group>";
		};
		FAB3622E29F44B0300A88050 /* PriceAlertList */ = {
			isa = PBXGroup;
			children = (
				FAB3626829F4650E00A88050 /* ViewModels */,
				FAB3622D29F4488300A88050 /* Views */,
			);
			path = PriceAlertList;
			sourceTree = "<group>";
		};
		FAB3623229F4510D00A88050 /* Base */ = {
			isa = PBXGroup;
			children = (
				FAB3623329F4512100A88050 /* HTTPClient */,
				FAB3623B29F4517800A88050 /* BaseBackendService.swift */,
			);
			path = Base;
			sourceTree = "<group>";
		};
		FAB3623329F4512100A88050 /* HTTPClient */ = {
			isa = PBXGroup;
			children = (
				FAB3623429F4512900A88050 /* Models */,
				FAB3623929F4515C00A88050 /* HTTPClient.swift */,
			);
			path = HTTPClient;
			sourceTree = "<group>";
		};
		FAB3623429F4512900A88050 /* Models */ = {
			isa = PBXGroup;
			children = (
				FAB3623529F4513B00A88050 /* HTTPRequest.swift */,
				FAB3623729F4514B00A88050 /* APIError.swift */,
			);
			path = Models;
			sourceTree = "<group>";
		};
		FAB3624129F453A400A88050 /* Services */ = {
			isa = PBXGroup;
			children = (
				FAB3624229F453BB00A88050 /* Models */,
				FAB3624929F453FC00A88050 /* CoinScannerService.swift */,
			);
			path = Services;
			sourceTree = "<group>";
		};
		FAB3624229F453BB00A88050 /* Models */ = {
			isa = PBXGroup;
			children = (
				FAB3624329F453C700A88050 /* Coin.swift */,
				FAB3624629F453DD00A88050 /* CoinSearchResult.swift */,
				FA07AC2529F91120008F6484 /* CoinMarketData.swift */,
			);
			path = Models;
			sourceTree = "<group>";
		};
		FAB3624C29F4544100A88050 /* DataLayer */ = {
			isa = PBXGroup;
			children = (
				FAB3624E29F4546100A88050 /* Mocks */,
				FAB3625129F4548300A88050 /* Services */,
			);
			path = DataLayer;
			sourceTree = "<group>";
		};
		FAB3624E29F4546100A88050 /* Mocks */ = {
			isa = PBXGroup;
			children = (
				FAB3624F29F4547100A88050 /* HTTPClientMock.swift */,
			);
			path = Mocks;
			sourceTree = "<group>";
		};
		FAB3625129F4548300A88050 /* Services */ = {
			isa = PBXGroup;
			children = (
				FAB3625229F4549800A88050 /* CoinScannerServiceTests.swift */,
			);
			path = Services;
			sourceTree = "<group>";
		};
		FAB3625429F457C100A88050 /* AddPriceAlert */ = {
			isa = PBXGroup;
			children = (
				FAB3625829F457F300A88050 /* ViewModels */,
				FAB3625529F457CD00A88050 /* Views */,
			);
			path = AddPriceAlert;
			sourceTree = "<group>";
		};
		FAB3625529F457CD00A88050 /* Views */ = {
			isa = PBXGroup;
			children = (
				FAB3625629F457DC00A88050 /* AddPriceAlertView.swift */,
			);
			path = Views;
			sourceTree = "<group>";
		};
		FAB3625829F457F300A88050 /* ViewModels */ = {
			isa = PBXGroup;
			children = (
				FAB3625929F4580C00A88050 /* AddPriceAlertViewModel.swift */,
			);
			path = ViewModels;
			sourceTree = "<group>";
		};
		FAB3625C29F4592F00A88050 /* PresentationLayer */ = {
			isa = PBXGroup;
			children = (
				FAB3625D29F4593A00A88050 /* Mocks */,
				FAB3626029F4596A00A88050 /* ViewModels */,
			);
			path = PresentationLayer;
			sourceTree = "<group>";
		};
		FAB3625D29F4593A00A88050 /* Mocks */ = {
			isa = PBXGroup;
			children = (
				FAB3625E29F4595D00A88050 /* CoinScannerServiceMock.swift */,
			);
			path = Mocks;
			sourceTree = "<group>";
		};
		FAB3626029F4596A00A88050 /* ViewModels */ = {
			isa = PBXGroup;
			children = (
				FAB3627429F469E700A88050 /* PriceAlertListViewModelTests.swift */,
				FAB3626129F4598F00A88050 /* AddPriceAlertViewModelTests.swift */,
			);
			path = ViewModels;
			sourceTree = "<group>";
		};
		FAB3626329F464AC00A88050 /* Persistence */ = {
			isa = PBXGroup;
			children = (
				FAB3626429F464BE00A88050 /* PersistenceError.swift */,
				FAB361F829F447DB00A88050 /* PersistenceManager.swift */,
			);
			path = Persistence;
			sourceTree = "<group>";
		};
		FAB3626829F4650E00A88050 /* ViewModels */ = {
			isa = PBXGroup;
			children = (
				FAB3626929F4651F00A88050 /* PriceAlertListViewModel.swift */,
			);
			path = ViewModels;
			sourceTree = "<group>";
		};
		FAB3627329F4659500A88050 /* Models */ = {
			isa = PBXGroup;
			children = (
				FAB3626D29F4658C00A88050 /* PriceAlert+CoreDataClass.swift */,
				FAB3626E29F4658C00A88050 /* PriceAlert+CoreDataProperties.swift */,
			);
			path = Models;
			sourceTree = "<group>";
		};
/* End PBXGroup section */

/* Begin PBXNativeTarget section */
		FAB361F229F447DB00A88050 /* WenMoon */ = {
			isa = PBXNativeTarget;
			buildConfigurationList = FAB3621D29F447DC00A88050 /* Build configuration list for PBXNativeTarget "WenMoon" */;
			buildPhases = (
				FAB361EF29F447DB00A88050 /* Sources */,
				FAB361F029F447DB00A88050 /* Frameworks */,
				FAB361F129F447DB00A88050 /* Resources */,
			);
			buildRules = (
			);
			dependencies = (
			);
			name = WenMoon;
			productName = WenMoon;
			productReference = FAB361F329F447DB00A88050 /* WenMoon.app */;
			productType = "com.apple.product-type.application";
		};
		FAB3620829F447DC00A88050 /* WenMoonTests */ = {
			isa = PBXNativeTarget;
			buildConfigurationList = FAB3622029F447DC00A88050 /* Build configuration list for PBXNativeTarget "WenMoonTests" */;
			buildPhases = (
				FAB3620529F447DC00A88050 /* Sources */,
				FAB3620629F447DC00A88050 /* Frameworks */,
				FAB3620729F447DC00A88050 /* Resources */,
			);
			buildRules = (
			);
			dependencies = (
				FAB3620B29F447DC00A88050 /* PBXTargetDependency */,
			);
			name = WenMoonTests;
			productName = WenMoonTests;
			productReference = FAB3620929F447DC00A88050 /* WenMoonTests.xctest */;
			productType = "com.apple.product-type.bundle.unit-test";
		};
/* End PBXNativeTarget section */

/* Begin PBXProject section */
		FAB361EB29F447DB00A88050 /* Project object */ = {
			isa = PBXProject;
			attributes = {
				BuildIndependentTargetsInParallel = 1;
				LastSwiftUpdateCheck = 1430;
				LastUpgradeCheck = 1430;
				TargetAttributes = {
					FAB361F229F447DB00A88050 = {
						CreatedOnToolsVersion = 14.3;
					};
					FAB3620829F447DC00A88050 = {
						CreatedOnToolsVersion = 14.3;
						TestTargetID = FAB361F229F447DB00A88050;
					};
				};
			};
			buildConfigurationList = FAB361EE29F447DB00A88050 /* Build configuration list for PBXProject "WenMoon" */;
			compatibilityVersion = "Xcode 14.0";
			developmentRegion = en;
			hasScannedForEncodings = 0;
			knownRegions = (
				en,
				Base,
			);
			mainGroup = FAB361EA29F447DB00A88050;
			productRefGroup = FAB361F429F447DB00A88050 /* Products */;
			projectDirPath = "";
			projectRoot = "";
			targets = (
				FAB361F229F447DB00A88050 /* WenMoon */,
				FAB3620829F447DC00A88050 /* WenMoonTests */,
			);
		};
/* End PBXProject section */

/* Begin PBXResourcesBuildPhase section */
		FAB361F129F447DB00A88050 /* Resources */ = {
			isa = PBXResourcesBuildPhase;
			buildActionMask = 2147483647;
			files = (
				FAB3620029F447DC00A88050 /* Assets.xcassets in Resources */,
			);
			runOnlyForDeploymentPostprocessing = 0;
		};
		FAB3620729F447DC00A88050 /* Resources */ = {
			isa = PBXResourcesBuildPhase;
			buildActionMask = 2147483647;
			files = (
			);
			runOnlyForDeploymentPostprocessing = 0;
		};
/* End PBXResourcesBuildPhase section */

/* Begin PBXSourcesBuildPhase section */
		FAB361EF29F447DB00A88050 /* Sources */ = {
			isa = PBXSourcesBuildPhase;
			buildActionMask = 2147483647;
			files = (
				FAB3624429F453C700A88050 /* Coin.swift in Sources */,
				FAB361FC29F447DB00A88050 /* WenMoon.xcdatamodeld in Sources */,
				FA07AC2629F91120008F6484 /* CoinMarketData.swift in Sources */,
				FAB3626529F464BE00A88050 /* PersistenceError.swift in Sources */,
				FAB361F729F447DB00A88050 /* WenMoonApp.swift in Sources */,
				FAB3624729F453DD00A88050 /* CoinSearchResult.swift in Sources */,
				FAB3627129F4658C00A88050 /* PriceAlert+CoreDataProperties.swift in Sources */,
				FAB3623629F4513B00A88050 /* HTTPRequest.swift in Sources */,
				FAB3623A29F4515C00A88050 /* HTTPClient.swift in Sources */,
				FAB361FE29F447DB00A88050 /* PriceAlertListView.swift in Sources */,
				FAB3626F29F4658C00A88050 /* PriceAlert+CoreDataClass.swift in Sources */,
				FAB361F929F447DB00A88050 /* PersistenceManager.swift in Sources */,
				FAB3623829F4514B00A88050 /* APIError.swift in Sources */,
				FAB3625729F457DC00A88050 /* AddPriceAlertView.swift in Sources */,
				FAB3624A29F453FC00A88050 /* CoinScannerService.swift in Sources */,
				FAB3623C29F4517800A88050 /* BaseBackendService.swift in Sources */,
				FAB3625A29F4580C00A88050 /* AddPriceAlertViewModel.swift in Sources */,
				FAB3626A29F4651F00A88050 /* PriceAlertListViewModel.swift in Sources */,
			);
			runOnlyForDeploymentPostprocessing = 0;
		};
		FAB3620529F447DC00A88050 /* Sources */ = {
			isa = PBXSourcesBuildPhase;
			buildActionMask = 2147483647;
			files = (
				FAB3624529F453C700A88050 /* Coin.swift in Sources */,
				FAB3626729F464C200A88050 /* PersistenceManager.swift in Sources */,
				FA07AC2729F91120008F6484 /* CoinMarketData.swift in Sources */,
				FAB3625329F4549800A88050 /* CoinScannerServiceTests.swift in Sources */,
				FAB3623F29F451E200A88050 /* HTTPRequest.swift in Sources */,
				FAB3625B29F4580C00A88050 /* AddPriceAlertViewModel.swift in Sources */,
				FAB3623D29F451D700A88050 /* BaseBackendService.swift in Sources */,
				FAB3627529F469E700A88050 /* PriceAlertListViewModelTests.swift in Sources */,
				FAB3625F29F4595D00A88050 /* CoinScannerServiceMock.swift in Sources */,
				FAB3624029F451E400A88050 /* APIError.swift in Sources */,
				FAB3623E29F451DB00A88050 /* HTTPClient.swift in Sources */,
				FAB3627029F4658C00A88050 /* PriceAlert+CoreDataClass.swift in Sources */,
				FAB3624829F453DD00A88050 /* CoinSearchResult.swift in Sources */,
				FAB3626229F4598F00A88050 /* AddPriceAlertViewModelTests.swift in Sources */,
				FAB3627229F4658C00A88050 /* PriceAlert+CoreDataProperties.swift in Sources */,
				FAB3624B29F453FC00A88050 /* CoinScannerService.swift in Sources */,
				FAB3626629F464BE00A88050 /* PersistenceError.swift in Sources */,
				FAB3625029F4547100A88050 /* HTTPClientMock.swift in Sources */,
				FAB3626B29F4651F00A88050 /* PriceAlertListViewModel.swift in Sources */,
				FAB3626C29F4656D00A88050 /* WenMoon.xcdatamodeld in Sources */,
			);
			runOnlyForDeploymentPostprocessing = 0;
		};
/* End PBXSourcesBuildPhase section */

/* Begin PBXTargetDependency section */
		FAB3620B29F447DC00A88050 /* PBXTargetDependency */ = {
			isa = PBXTargetDependency;
			target = FAB361F229F447DB00A88050 /* WenMoon */;
			targetProxy = FAB3620A29F447DC00A88050 /* PBXContainerItemProxy */;
		};
/* End PBXTargetDependency section */

/* Begin XCBuildConfiguration section */
		FAB3621B29F447DC00A88050 /* Debug */ = {
			isa = XCBuildConfiguration;
			buildSettings = {
				ALWAYS_SEARCH_USER_PATHS = NO;
				CLANG_ANALYZER_NONNULL = YES;
				CLANG_ANALYZER_NUMBER_OBJECT_CONVERSION = YES_AGGRESSIVE;
				CLANG_CXX_LANGUAGE_STANDARD = "gnu++20";
				CLANG_ENABLE_MODULES = YES;
				CLANG_ENABLE_OBJC_ARC = YES;
				CLANG_ENABLE_OBJC_WEAK = YES;
				CLANG_WARN_BLOCK_CAPTURE_AUTORELEASING = YES;
				CLANG_WARN_BOOL_CONVERSION = YES;
				CLANG_WARN_COMMA = YES;
				CLANG_WARN_CONSTANT_CONVERSION = YES;
				CLANG_WARN_DEPRECATED_OBJC_IMPLEMENTATIONS = YES;
				CLANG_WARN_DIRECT_OBJC_ISA_USAGE = YES_ERROR;
				CLANG_WARN_DOCUMENTATION_COMMENTS = YES;
				CLANG_WARN_EMPTY_BODY = YES;
				CLANG_WARN_ENUM_CONVERSION = YES;
				CLANG_WARN_INFINITE_RECURSION = YES;
				CLANG_WARN_INT_CONVERSION = YES;
				CLANG_WARN_NON_LITERAL_NULL_CONVERSION = YES;
				CLANG_WARN_OBJC_IMPLICIT_RETAIN_SELF = YES;
				CLANG_WARN_OBJC_LITERAL_CONVERSION = YES;
				CLANG_WARN_OBJC_ROOT_CLASS = YES_ERROR;
				CLANG_WARN_QUOTED_INCLUDE_IN_FRAMEWORK_HEADER = YES;
				CLANG_WARN_RANGE_LOOP_ANALYSIS = YES;
				CLANG_WARN_STRICT_PROTOTYPES = YES;
				CLANG_WARN_SUSPICIOUS_MOVE = YES;
				CLANG_WARN_UNGUARDED_AVAILABILITY = YES_AGGRESSIVE;
				CLANG_WARN_UNREACHABLE_CODE = YES;
				CLANG_WARN__DUPLICATE_METHOD_MATCH = YES;
				COPY_PHASE_STRIP = NO;
				DEBUG_INFORMATION_FORMAT = dwarf;
				ENABLE_STRICT_OBJC_MSGSEND = YES;
				ENABLE_TESTABILITY = YES;
				GCC_C_LANGUAGE_STANDARD = gnu11;
				GCC_DYNAMIC_NO_PIC = NO;
				GCC_NO_COMMON_BLOCKS = YES;
				GCC_OPTIMIZATION_LEVEL = 0;
				GCC_PREPROCESSOR_DEFINITIONS = (
					"DEBUG=1",
					"$(inherited)",
				);
				GCC_WARN_64_TO_32_BIT_CONVERSION = YES;
				GCC_WARN_ABOUT_RETURN_TYPE = YES_ERROR;
				GCC_WARN_UNDECLARED_SELECTOR = YES;
				GCC_WARN_UNINITIALIZED_AUTOS = YES_AGGRESSIVE;
				GCC_WARN_UNUSED_FUNCTION = YES;
				GCC_WARN_UNUSED_VARIABLE = YES;
				MTL_ENABLE_DEBUG_INFO = INCLUDE_SOURCE;
				MTL_FAST_MATH = YES;
				ONLY_ACTIVE_ARCH = YES;
				SWIFT_ACTIVE_COMPILATION_CONDITIONS = DEBUG;
				SWIFT_OPTIMIZATION_LEVEL = "-Onone";
			};
			name = Debug;
		};
		FAB3621C29F447DC00A88050 /* Release */ = {
			isa = XCBuildConfiguration;
			buildSettings = {
				ALWAYS_SEARCH_USER_PATHS = NO;
				CLANG_ANALYZER_NONNULL = YES;
				CLANG_ANALYZER_NUMBER_OBJECT_CONVERSION = YES_AGGRESSIVE;
				CLANG_CXX_LANGUAGE_STANDARD = "gnu++20";
				CLANG_ENABLE_MODULES = YES;
				CLANG_ENABLE_OBJC_ARC = YES;
				CLANG_ENABLE_OBJC_WEAK = YES;
				CLANG_WARN_BLOCK_CAPTURE_AUTORELEASING = YES;
				CLANG_WARN_BOOL_CONVERSION = YES;
				CLANG_WARN_COMMA = YES;
				CLANG_WARN_CONSTANT_CONVERSION = YES;
				CLANG_WARN_DEPRECATED_OBJC_IMPLEMENTATIONS = YES;
				CLANG_WARN_DIRECT_OBJC_ISA_USAGE = YES_ERROR;
				CLANG_WARN_DOCUMENTATION_COMMENTS = YES;
				CLANG_WARN_EMPTY_BODY = YES;
				CLANG_WARN_ENUM_CONVERSION = YES;
				CLANG_WARN_INFINITE_RECURSION = YES;
				CLANG_WARN_INT_CONVERSION = YES;
				CLANG_WARN_NON_LITERAL_NULL_CONVERSION = YES;
				CLANG_WARN_OBJC_IMPLICIT_RETAIN_SELF = YES;
				CLANG_WARN_OBJC_LITERAL_CONVERSION = YES;
				CLANG_WARN_OBJC_ROOT_CLASS = YES_ERROR;
				CLANG_WARN_QUOTED_INCLUDE_IN_FRAMEWORK_HEADER = YES;
				CLANG_WARN_RANGE_LOOP_ANALYSIS = YES;
				CLANG_WARN_STRICT_PROTOTYPES = YES;
				CLANG_WARN_SUSPICIOUS_MOVE = YES;
				CLANG_WARN_UNGUARDED_AVAILABILITY = YES_AGGRESSIVE;
				CLANG_WARN_UNREACHABLE_CODE = YES;
				CLANG_WARN__DUPLICATE_METHOD_MATCH = YES;
				COPY_PHASE_STRIP = NO;
				DEBUG_INFORMATION_FORMAT = "dwarf-with-dsym";
				ENABLE_NS_ASSERTIONS = NO;
				ENABLE_STRICT_OBJC_MSGSEND = YES;
				GCC_C_LANGUAGE_STANDARD = gnu11;
				GCC_NO_COMMON_BLOCKS = YES;
				GCC_WARN_64_TO_32_BIT_CONVERSION = YES;
				GCC_WARN_ABOUT_RETURN_TYPE = YES_ERROR;
				GCC_WARN_UNDECLARED_SELECTOR = YES;
				GCC_WARN_UNINITIALIZED_AUTOS = YES_AGGRESSIVE;
				GCC_WARN_UNUSED_FUNCTION = YES;
				GCC_WARN_UNUSED_VARIABLE = YES;
				MTL_ENABLE_DEBUG_INFO = NO;
				MTL_FAST_MATH = YES;
				SWIFT_COMPILATION_MODE = wholemodule;
				SWIFT_OPTIMIZATION_LEVEL = "-O";
			};
			name = Release;
		};
		FAB3621E29F447DC00A88050 /* Debug */ = {
			isa = XCBuildConfiguration;
			buildSettings = {
				ASSETCATALOG_COMPILER_APPICON_NAME = AppIcon;
				ASSETCATALOG_COMPILER_GLOBAL_ACCENT_COLOR_NAME = AccentColor;
				CODE_SIGN_ENTITLEMENTS = WenMoon/Application/WenMoon.entitlements;
				CODE_SIGN_STYLE = Automatic;
				CURRENT_PROJECT_VERSION = 1;
				DEVELOPMENT_ASSET_PATHS = "";
				DEVELOPMENT_TEAM = 4H24ZTYPFZ;
				ENABLE_HARDENED_RUNTIME = YES;
				ENABLE_PREVIEWS = NO;
				GENERATE_INFOPLIST_FILE = YES;
				"INFOPLIST_KEY_UIApplicationSceneManifest_Generation[sdk=iphoneos*]" = YES;
				"INFOPLIST_KEY_UIApplicationSceneManifest_Generation[sdk=iphonesimulator*]" = YES;
				"INFOPLIST_KEY_UIApplicationSupportsIndirectInputEvents[sdk=iphoneos*]" = YES;
				"INFOPLIST_KEY_UIApplicationSupportsIndirectInputEvents[sdk=iphonesimulator*]" = YES;
				"INFOPLIST_KEY_UILaunchScreen_Generation[sdk=iphoneos*]" = YES;
				"INFOPLIST_KEY_UILaunchScreen_Generation[sdk=iphonesimulator*]" = YES;
				"INFOPLIST_KEY_UIStatusBarStyle[sdk=iphoneos*]" = UIStatusBarStyleDefault;
				"INFOPLIST_KEY_UIStatusBarStyle[sdk=iphonesimulator*]" = UIStatusBarStyleDefault;
				INFOPLIST_KEY_UISupportedInterfaceOrientations_iPad = "UIInterfaceOrientationPortrait UIInterfaceOrientationPortraitUpsideDown UIInterfaceOrientationLandscapeLeft UIInterfaceOrientationLandscapeRight";
				INFOPLIST_KEY_UISupportedInterfaceOrientations_iPhone = "UIInterfaceOrientationPortrait UIInterfaceOrientationLandscapeLeft UIInterfaceOrientationLandscapeRight";
				IPHONEOS_DEPLOYMENT_TARGET = 16.4;
				LD_RUNPATH_SEARCH_PATHS = "@executable_path/Frameworks";
				"LD_RUNPATH_SEARCH_PATHS[sdk=macosx*]" = "@executable_path/../Frameworks";
				MACOSX_DEPLOYMENT_TARGET = 13.3;
				MARKETING_VERSION = 1.0;
				PRODUCT_BUNDLE_IDENTIFIER = arturtkachenko.WenMoon;
				PRODUCT_NAME = "$(TARGET_NAME)";
				SDKROOT = auto;
				SUPPORTED_PLATFORMS = "iphoneos iphonesimulator macosx";
				SWIFT_EMIT_LOC_STRINGS = YES;
				SWIFT_VERSION = 5.0;
				TARGETED_DEVICE_FAMILY = "1,2";
			};
			name = Debug;
		};
		FAB3621F29F447DC00A88050 /* Release */ = {
			isa = XCBuildConfiguration;
			buildSettings = {
				ASSETCATALOG_COMPILER_APPICON_NAME = AppIcon;
				ASSETCATALOG_COMPILER_GLOBAL_ACCENT_COLOR_NAME = AccentColor;
				CODE_SIGN_ENTITLEMENTS = WenMoon/Application/WenMoon.entitlements;
				CODE_SIGN_STYLE = Automatic;
				CURRENT_PROJECT_VERSION = 1;
				DEVELOPMENT_ASSET_PATHS = "";
				DEVELOPMENT_TEAM = 4H24ZTYPFZ;
				ENABLE_HARDENED_RUNTIME = YES;
				ENABLE_PREVIEWS = NO;
				GENERATE_INFOPLIST_FILE = YES;
				"INFOPLIST_KEY_UIApplicationSceneManifest_Generation[sdk=iphoneos*]" = YES;
				"INFOPLIST_KEY_UIApplicationSceneManifest_Generation[sdk=iphonesimulator*]" = YES;
				"INFOPLIST_KEY_UIApplicationSupportsIndirectInputEvents[sdk=iphoneos*]" = YES;
				"INFOPLIST_KEY_UIApplicationSupportsIndirectInputEvents[sdk=iphonesimulator*]" = YES;
				"INFOPLIST_KEY_UILaunchScreen_Generation[sdk=iphoneos*]" = YES;
				"INFOPLIST_KEY_UILaunchScreen_Generation[sdk=iphonesimulator*]" = YES;
				"INFOPLIST_KEY_UIStatusBarStyle[sdk=iphoneos*]" = UIStatusBarStyleDefault;
				"INFOPLIST_KEY_UIStatusBarStyle[sdk=iphonesimulator*]" = UIStatusBarStyleDefault;
				INFOPLIST_KEY_UISupportedInterfaceOrientations_iPad = "UIInterfaceOrientationPortrait UIInterfaceOrientationPortraitUpsideDown UIInterfaceOrientationLandscapeLeft UIInterfaceOrientationLandscapeRight";
				INFOPLIST_KEY_UISupportedInterfaceOrientations_iPhone = "UIInterfaceOrientationPortrait UIInterfaceOrientationLandscapeLeft UIInterfaceOrientationLandscapeRight";
				IPHONEOS_DEPLOYMENT_TARGET = 16.4;
				LD_RUNPATH_SEARCH_PATHS = "@executable_path/Frameworks";
				"LD_RUNPATH_SEARCH_PATHS[sdk=macosx*]" = "@executable_path/../Frameworks";
				MACOSX_DEPLOYMENT_TARGET = 13.3;
				MARKETING_VERSION = 1.0;
				PRODUCT_BUNDLE_IDENTIFIER = arturtkachenko.WenMoon;
				PRODUCT_NAME = "$(TARGET_NAME)";
				SDKROOT = auto;
				SUPPORTED_PLATFORMS = "iphoneos iphonesimulator macosx";
				SWIFT_EMIT_LOC_STRINGS = YES;
				SWIFT_VERSION = 5.0;
				TARGETED_DEVICE_FAMILY = "1,2";
			};
			name = Release;
		};
		FAB3622129F447DC00A88050 /* Debug */ = {
			isa = XCBuildConfiguration;
			buildSettings = {
				ALWAYS_EMBED_SWIFT_STANDARD_LIBRARIES = YES;
				BUNDLE_LOADER = "$(TEST_HOST)";
				CODE_SIGN_STYLE = Automatic;
				CURRENT_PROJECT_VERSION = 1;
				DEVELOPMENT_TEAM = 4H24ZTYPFZ;
				GENERATE_INFOPLIST_FILE = YES;
				IPHONEOS_DEPLOYMENT_TARGET = 16.4;
				MACOSX_DEPLOYMENT_TARGET = 13.3;
				MARKETING_VERSION = 1.0;
				PRODUCT_BUNDLE_IDENTIFIER = arturtkachenko.WenMoonTests;
				PRODUCT_NAME = "$(TARGET_NAME)";
				SDKROOT = auto;
				SUPPORTED_PLATFORMS = "iphoneos iphonesimulator macosx";
				SWIFT_EMIT_LOC_STRINGS = NO;
				SWIFT_VERSION = 5.0;
				TARGETED_DEVICE_FAMILY = "1,2";
				TEST_HOST = "$(BUILT_PRODUCTS_DIR)/WenMoon.app/$(BUNDLE_EXECUTABLE_FOLDER_PATH)/WenMoon";
			};
			name = Debug;
		};
		FAB3622229F447DC00A88050 /* Release */ = {
			isa = XCBuildConfiguration;
			buildSettings = {
				ALWAYS_EMBED_SWIFT_STANDARD_LIBRARIES = YES;
				BUNDLE_LOADER = "$(TEST_HOST)";
				CODE_SIGN_STYLE = Automatic;
				CURRENT_PROJECT_VERSION = 1;
				DEVELOPMENT_TEAM = 4H24ZTYPFZ;
				GENERATE_INFOPLIST_FILE = YES;
				IPHONEOS_DEPLOYMENT_TARGET = 16.4;
				MACOSX_DEPLOYMENT_TARGET = 13.3;
				MARKETING_VERSION = 1.0;
				PRODUCT_BUNDLE_IDENTIFIER = arturtkachenko.WenMoonTests;
				PRODUCT_NAME = "$(TARGET_NAME)";
				SDKROOT = auto;
				SUPPORTED_PLATFORMS = "iphoneos iphonesimulator macosx";
				SWIFT_EMIT_LOC_STRINGS = NO;
				SWIFT_VERSION = 5.0;
				TARGETED_DEVICE_FAMILY = "1,2";
				TEST_HOST = "$(BUILT_PRODUCTS_DIR)/WenMoon.app/$(BUNDLE_EXECUTABLE_FOLDER_PATH)/WenMoon";
			};
			name = Release;
		};
/* End XCBuildConfiguration section */

/* Begin XCConfigurationList section */
		FAB361EE29F447DB00A88050 /* Build configuration list for PBXProject "WenMoon" */ = {
			isa = XCConfigurationList;
			buildConfigurations = (
				FAB3621B29F447DC00A88050 /* Debug */,
				FAB3621C29F447DC00A88050 /* Release */,
			);
			defaultConfigurationIsVisible = 0;
			defaultConfigurationName = Release;
		};
		FAB3621D29F447DC00A88050 /* Build configuration list for PBXNativeTarget "WenMoon" */ = {
			isa = XCConfigurationList;
			buildConfigurations = (
				FAB3621E29F447DC00A88050 /* Debug */,
				FAB3621F29F447DC00A88050 /* Release */,
			);
			defaultConfigurationIsVisible = 0;
			defaultConfigurationName = Release;
		};
		FAB3622029F447DC00A88050 /* Build configuration list for PBXNativeTarget "WenMoonTests" */ = {
			isa = XCConfigurationList;
			buildConfigurations = (
				FAB3622129F447DC00A88050 /* Debug */,
				FAB3622229F447DC00A88050 /* Release */,
			);
			defaultConfigurationIsVisible = 0;
			defaultConfigurationName = Release;
		};
/* End XCConfigurationList section */

/* Begin XCVersionGroup section */
		FAB361FA29F447DB00A88050 /* WenMoon.xcdatamodeld */ = {
			isa = XCVersionGroup;
			children = (
				FAB361FB29F447DB00A88050 /* WenMoon.xcdatamodel */,
			);
			currentVersion = FAB361FB29F447DB00A88050 /* WenMoon.xcdatamodel */;
			path = WenMoon.xcdatamodeld;
			sourceTree = "<group>";
			versionGroupType = wrapper.xcdatamodel;
		};
/* End XCVersionGroup section */
	};
	rootObject = FAB361EB29F447DB00A88050 /* Project object */;
}
